// !$*UTF8*$!
{
	archiveVersion = 1;
	classes = {
	};
	objectVersion = 55;
	objects = {

/* Begin PBXBuildFile section */
		8E2AC8F6272E80DA00726007 /* FirebaseAnalytics in Frameworks */ = {isa = PBXBuildFile; productRef = 8E2AC8F5272E80DA00726007 /* FirebaseAnalytics */; };
		8E2AC8F8272E80DA00726007 /* FirebaseAuth in Frameworks */ = {isa = PBXBuildFile; productRef = 8E2AC8F7272E80DA00726007 /* FirebaseAuth */; };
		8E2AC8FA272E80DA00726007 /* FirebaseDatabase in Frameworks */ = {isa = PBXBuildFile; productRef = 8E2AC8F9272E80DA00726007 /* FirebaseDatabase */; };
		8E2AC8FC272E80DA00726007 /* FirebaseFirestore in Frameworks */ = {isa = PBXBuildFile; productRef = 8E2AC8FB272E80DA00726007 /* FirebaseFirestore */; };
		8E2AC8FE272E80DA00726007 /* FirebaseStorage in Frameworks */ = {isa = PBXBuildFile; productRef = 8E2AC8FD272E80DA00726007 /* FirebaseStorage */; };
		8E2AC901272E819000726007 /* JGProgressHUD in Frameworks */ = {isa = PBXBuildFile; productRef = 8E2AC900272E819000726007 /* JGProgressHUD */; };
		8E2AC904272E81C200726007 /* SDWebImage in Frameworks */ = {isa = PBXBuildFile; productRef = 8E2AC903272E81C200726007 /* SDWebImage */; };
		8E2AC906272E854800726007 /* GoogleService-Info.plist in Resources */ = {isa = PBXBuildFile; fileRef = 8E2AC905272E854800726007 /* GoogleService-Info.plist */; };
		8E3E23DC272A856000993C6F /* IQKeyboardManagerSwift in Frameworks */ = {isa = PBXBuildFile; productRef = 8E3E23DB272A856000993C6F /* IQKeyboardManagerSwift */; };
		8E862CE32729455A0074F48C /* AppDelegate.swift in Sources */ = {isa = PBXBuildFile; fileRef = 8E862CE22729455A0074F48C /* AppDelegate.swift */; };
		8E862CE52729455A0074F48C /* SceneDelegate.swift in Sources */ = {isa = PBXBuildFile; fileRef = 8E862CE42729455A0074F48C /* SceneDelegate.swift */; };
		8E862CE72729455A0074F48C /* LoginViewController.swift in Sources */ = {isa = PBXBuildFile; fileRef = 8E862CE62729455A0074F48C /* LoginViewController.swift */; };
		8E862CEA2729455A0074F48C /* Main.storyboard in Resources */ = {isa = PBXBuildFile; fileRef = 8E862CE82729455A0074F48C /* Main.storyboard */; };
		8E862CEC272945620074F48C /* Assets.xcassets in Resources */ = {isa = PBXBuildFile; fileRef = 8E862CEB272945620074F48C /* Assets.xcassets */; };
		8E862CEF272945620074F48C /* LaunchScreen.storyboard in Resources */ = {isa = PBXBuildFile; fileRef = 8E862CED272945620074F48C /* LaunchScreen.storyboard */; };
		8E862CFA272945630074F48C /* MessengerTests.swift in Sources */ = {isa = PBXBuildFile; fileRef = 8E862CF9272945630074F48C /* MessengerTests.swift */; };
		8E862D04272945630074F48C /* MessengerUITests.swift in Sources */ = {isa = PBXBuildFile; fileRef = 8E862D03272945630074F48C /* MessengerUITests.swift */; };
		8E862D06272945630074F48C /* MessengerUITestsLaunchTests.swift in Sources */ = {isa = PBXBuildFile; fileRef = 8E862D05272945630074F48C /* MessengerUITestsLaunchTests.swift */; };
		8E862D192729693E0074F48C /* RegistrationViewController.swift in Sources */ = {isa = PBXBuildFile; fileRef = 8E862D182729693E0074F48C /* RegistrationViewController.swift */; };
		8E862D1B27296B950074F48C /* NewConversationViewController.swift in Sources */ = {isa = PBXBuildFile; fileRef = 8E862D1A27296B950074F48C /* NewConversationViewController.swift */; };
		8E862D1D27296BBE0074F48C /* ProfileViewController.swift in Sources */ = {isa = PBXBuildFile; fileRef = 8E862D1C27296BBE0074F48C /* ProfileViewController.swift */; };
		8E862D1F27296BEA0074F48C /* ConversationViewController.swift in Sources */ = {isa = PBXBuildFile; fileRef = 8E862D1E27296BEA0074F48C /* ConversationViewController.swift */; };
/* End PBXBuildFile section */

/* Begin PBXContainerItemProxy section */
		8E862CF6272945630074F48C /* PBXContainerItemProxy */ = {
			isa = PBXContainerItemProxy;
			containerPortal = 8E862CD72729455A0074F48C /* Project object */;
			proxyType = 1;
			remoteGlobalIDString = 8E862CDE2729455A0074F48C;
			remoteInfo = Messenger;
		};
		8E862D00272945630074F48C /* PBXContainerItemProxy */ = {
			isa = PBXContainerItemProxy;
			containerPortal = 8E862CD72729455A0074F48C /* Project object */;
			proxyType = 1;
			remoteGlobalIDString = 8E862CDE2729455A0074F48C;
			remoteInfo = Messenger;
		};
/* End PBXContainerItemProxy section */

/* Begin PBXFileReference section */
		8E2AC905272E854800726007 /* GoogleService-Info.plist */ = {isa = PBXFileReference; fileEncoding = 4; lastKnownFileType = text.plist.xml; path = "GoogleService-Info.plist"; sourceTree = "<group>"; };
		8E862CDF2729455A0074F48C /* Messenger.app */ = {isa = PBXFileReference; explicitFileType = wrapper.application; includeInIndex = 0; path = Messenger.app; sourceTree = BUILT_PRODUCTS_DIR; };
		8E862CE22729455A0074F48C /* AppDelegate.swift */ = {isa = PBXFileReference; lastKnownFileType = sourcecode.swift; path = AppDelegate.swift; sourceTree = "<group>"; };
		8E862CE42729455A0074F48C /* SceneDelegate.swift */ = {isa = PBXFileReference; lastKnownFileType = sourcecode.swift; path = SceneDelegate.swift; sourceTree = "<group>"; };
		8E862CE62729455A0074F48C /* LoginViewController.swift */ = {isa = PBXFileReference; lastKnownFileType = sourcecode.swift; path = LoginViewController.swift; sourceTree = "<group>"; };
		8E862CE92729455A0074F48C /* Base */ = {isa = PBXFileReference; lastKnownFileType = file.storyboard; name = Base; path = Base.lproj/Main.storyboard; sourceTree = "<group>"; };
		8E862CEB272945620074F48C /* Assets.xcassets */ = {isa = PBXFileReference; lastKnownFileType = folder.assetcatalog; path = Assets.xcassets; sourceTree = "<group>"; };
		8E862CEE272945620074F48C /* Base */ = {isa = PBXFileReference; lastKnownFileType = file.storyboard; name = Base; path = Base.lproj/LaunchScreen.storyboard; sourceTree = "<group>"; };
		8E862CF0272945620074F48C /* Info.plist */ = {isa = PBXFileReference; lastKnownFileType = text.plist.xml; path = Info.plist; sourceTree = "<group>"; };
		8E862CF5272945630074F48C /* MessengerTests.xctest */ = {isa = PBXFileReference; explicitFileType = wrapper.cfbundle; includeInIndex = 0; path = MessengerTests.xctest; sourceTree = BUILT_PRODUCTS_DIR; };
		8E862CF9272945630074F48C /* MessengerTests.swift */ = {isa = PBXFileReference; lastKnownFileType = sourcecode.swift; path = MessengerTests.swift; sourceTree = "<group>"; };
		8E862CFF272945630074F48C /* MessengerUITests.xctest */ = {isa = PBXFileReference; explicitFileType = wrapper.cfbundle; includeInIndex = 0; path = MessengerUITests.xctest; sourceTree = BUILT_PRODUCTS_DIR; };
		8E862D03272945630074F48C /* MessengerUITests.swift */ = {isa = PBXFileReference; lastKnownFileType = sourcecode.swift; path = MessengerUITests.swift; sourceTree = "<group>"; };
		8E862D05272945630074F48C /* MessengerUITestsLaunchTests.swift */ = {isa = PBXFileReference; lastKnownFileType = sourcecode.swift; path = MessengerUITestsLaunchTests.swift; sourceTree = "<group>"; };
		8E862D182729693E0074F48C /* RegistrationViewController.swift */ = {isa = PBXFileReference; lastKnownFileType = sourcecode.swift; path = RegistrationViewController.swift; sourceTree = "<group>"; };
		8E862D1A27296B950074F48C /* NewConversationViewController.swift */ = {isa = PBXFileReference; lastKnownFileType = sourcecode.swift; path = NewConversationViewController.swift; sourceTree = "<group>"; };
		8E862D1C27296BBE0074F48C /* ProfileViewController.swift */ = {isa = PBXFileReference; lastKnownFileType = sourcecode.swift; name = ProfileViewController.swift; path = Authentication/ProfileViewController.swift; sourceTree = "<group>"; };
		8E862D1E27296BEA0074F48C /* ConversationViewController.swift */ = {isa = PBXFileReference; lastKnownFileType = sourcecode.swift; path = ConversationViewController.swift; sourceTree = "<group>"; };
/* End PBXFileReference section */

/* Begin PBXFrameworksBuildPhase section */
		8E862CDC2729455A0074F48C /* Frameworks */ = {
			isa = PBXFrameworksBuildPhase;
			buildActionMask = 2147483647;
			files = (
				8E2AC8F6272E80DA00726007 /* FirebaseAnalytics in Frameworks */,
				8E2AC901272E819000726007 /* JGProgressHUD in Frameworks */,
				8E2AC904272E81C200726007 /* SDWebImage in Frameworks */,
				8E2AC8F8272E80DA00726007 /* FirebaseAuth in Frameworks */,
				8E2AC8FA272E80DA00726007 /* FirebaseDatabase in Frameworks */,
				8E2AC8FC272E80DA00726007 /* FirebaseFirestore in Frameworks */,
				8E3E23DC272A856000993C6F /* IQKeyboardManagerSwift in Frameworks */,
				8E2AC8FE272E80DA00726007 /* FirebaseStorage in Frameworks */,
			);
			runOnlyForDeploymentPostprocessing = 0;
		};
		8E862CF2272945630074F48C /* Frameworks */ = {
			isa = PBXFrameworksBuildPhase;
			buildActionMask = 2147483647;
			files = (
			);
			runOnlyForDeploymentPostprocessing = 0;
		};
		8E862CFC272945630074F48C /* Frameworks */ = {
			isa = PBXFrameworksBuildPhase;
			buildActionMask = 2147483647;
			files = (
			);
			runOnlyForDeploymentPostprocessing = 0;
		};
/* End PBXFrameworksBuildPhase section */

/* Begin PBXGroup section */
		8E862CD62729455A0074F48C = {
			isa = PBXGroup;
			children = (
				8E862CE12729455A0074F48C /* Messenger */,
				8E862CF8272945630074F48C /* MessengerTests */,
				8E862D02272945630074F48C /* MessengerUITests */,
				8E862CE02729455A0074F48C /* Products */,
			);
			sourceTree = "<group>";
		};
		8E862CE02729455A0074F48C /* Products */ = {
			isa = PBXGroup;
			children = (
				8E862CDF2729455A0074F48C /* Messenger.app */,
				8E862CF5272945630074F48C /* MessengerTests.xctest */,
				8E862CFF272945630074F48C /* MessengerUITests.xctest */,
			);
			name = Products;
			sourceTree = "<group>";
		};
		8E862CE12729455A0074F48C /* Messenger */ = {
			isa = PBXGroup;
			children = (
				8E2AC905272E854800726007 /* GoogleService-Info.plist */,
				8E862D15272968480074F48C /* Resources */,
				8E862D16272968640074F48C /* Controllers */,
				8E862D14272968220074F48C /* StoryBoards */,
				8E862D13272968160074F48C /* models */,
				8E862CF0272945620074F48C /* Info.plist */,
			);
			path = Messenger;
			sourceTree = "<group>";
		};
		8E862CF8272945630074F48C /* MessengerTests */ = {
			isa = PBXGroup;
			children = (
				8E862CF9272945630074F48C /* MessengerTests.swift */,
			);
			path = MessengerTests;
			sourceTree = "<group>";
		};
		8E862D02272945630074F48C /* MessengerUITests */ = {
			isa = PBXGroup;
			children = (
				8E862D03272945630074F48C /* MessengerUITests.swift */,
				8E862D05272945630074F48C /* MessengerUITestsLaunchTests.swift */,
			);
			path = MessengerUITests;
			sourceTree = "<group>";
		};
		8E862D13272968160074F48C /* models */ = {
			isa = PBXGroup;
			children = (
			);
			path = models;
			sourceTree = "<group>";
		};
		8E862D14272968220074F48C /* StoryBoards */ = {
			isa = PBXGroup;
			children = (
				8E862CE82729455A0074F48C /* Main.storyboard */,
				8E862CED272945620074F48C /* LaunchScreen.storyboard */,
				8E862CEB272945620074F48C /* Assets.xcassets */,
			);
			path = StoryBoards;
			sourceTree = "<group>";
		};
		8E862D15272968480074F48C /* Resources */ = {
			isa = PBXGroup;
			children = (
				8E862CE22729455A0074F48C /* AppDelegate.swift */,
				8E862CE42729455A0074F48C /* SceneDelegate.swift */,
			);
			path = Resources;
			sourceTree = "<group>";
		};
		8E862D16272968640074F48C /* Controllers */ = {
			isa = PBXGroup;
			children = (
				8E862D1C27296BBE0074F48C /* ProfileViewController.swift */,
				8E862D1A27296B950074F48C /* NewConversationViewController.swift */,
				8E862D1E27296BEA0074F48C /* ConversationViewController.swift */,
				8E862D17272968C10074F48C /* Authentication */,
			);
			path = Controllers;
			sourceTree = "<group>";
		};
		8E862D17272968C10074F48C /* Authentication */ = {
			isa = PBXGroup;
			children = (
				8E862CE62729455A0074F48C /* LoginViewController.swift */,
				8E862D182729693E0074F48C /* RegistrationViewController.swift */,
			);
			path = Authentication;
			sourceTree = "<group>";
		};
/* End PBXGroup section */

/* Begin PBXNativeTarget section */
		8E862CDE2729455A0074F48C /* Messenger */ = {
			isa = PBXNativeTarget;
			buildConfigurationList = 8E862D09272945630074F48C /* Build configuration list for PBXNativeTarget "Messenger" */;
			buildPhases = (
				8E862CDB2729455A0074F48C /* Sources */,
				8E862CDC2729455A0074F48C /* Frameworks */,
				8E862CDD2729455A0074F48C /* Resources */,
			);
			buildRules = (
			);
			dependencies = (
			);
			name = Messenger;
			packageProductDependencies = (
				8E3E23DB272A856000993C6F /* IQKeyboardManagerSwift */,
				8E2AC8F5272E80DA00726007 /* FirebaseAnalytics */,
				8E2AC8F7272E80DA00726007 /* FirebaseAuth */,
				8E2AC8F9272E80DA00726007 /* FirebaseDatabase */,
				8E2AC8FB272E80DA00726007 /* FirebaseFirestore */,
				8E2AC8FD272E80DA00726007 /* FirebaseStorage */,
				8E2AC900272E819000726007 /* JGProgressHUD */,
				8E2AC903272E81C200726007 /* SDWebImage */,
			);
			productName = Messenger;
			productReference = 8E862CDF2729455A0074F48C /* Messenger.app */;
			productType = "com.apple.product-type.application";
		};
		8E862CF4272945630074F48C /* MessengerTests */ = {
			isa = PBXNativeTarget;
			buildConfigurationList = 8E862D0C272945630074F48C /* Build configuration list for PBXNativeTarget "MessengerTests" */;
			buildPhases = (
				8E862CF1272945630074F48C /* Sources */,
				8E862CF2272945630074F48C /* Frameworks */,
				8E862CF3272945630074F48C /* Resources */,
			);
			buildRules = (
			);
			dependencies = (
				8E862CF7272945630074F48C /* PBXTargetDependency */,
			);
			name = MessengerTests;
			productName = MessengerTests;
			productReference = 8E862CF5272945630074F48C /* MessengerTests.xctest */;
			productType = "com.apple.product-type.bundle.unit-test";
		};
		8E862CFE272945630074F48C /* MessengerUITests */ = {
			isa = PBXNativeTarget;
			buildConfigurationList = 8E862D0F272945630074F48C /* Build configuration list for PBXNativeTarget "MessengerUITests" */;
			buildPhases = (
				8E862CFB272945630074F48C /* Sources */,
				8E862CFC272945630074F48C /* Frameworks */,
				8E862CFD272945630074F48C /* Resources */,
			);
			buildRules = (
			);
			dependencies = (
				8E862D01272945630074F48C /* PBXTargetDependency */,
			);
			name = MessengerUITests;
			productName = MessengerUITests;
			productReference = 8E862CFF272945630074F48C /* MessengerUITests.xctest */;
			productType = "com.apple.product-type.bundle.ui-testing";
		};
/* End PBXNativeTarget section */

/* Begin PBXProject section */
		8E862CD72729455A0074F48C /* Project object */ = {
			isa = PBXProject;
			attributes = {
				BuildIndependentTargetsInParallel = 1;
				LastSwiftUpdateCheck = 1300;
				LastUpgradeCheck = 1300;
				TargetAttributes = {
					8E862CDE2729455A0074F48C = {
						CreatedOnToolsVersion = 13.0;
					};
					8E862CF4272945630074F48C = {
						CreatedOnToolsVersion = 13.0;
						TestTargetID = 8E862CDE2729455A0074F48C;
					};
					8E862CFE272945630074F48C = {
						CreatedOnToolsVersion = 13.0;
						TestTargetID = 8E862CDE2729455A0074F48C;
					};
				};
			};
			buildConfigurationList = 8E862CDA2729455A0074F48C /* Build configuration list for PBXProject "Messenger" */;
			compatibilityVersion = "Xcode 13.0";
			developmentRegion = en;
			hasScannedForEncodings = 0;
			knownRegions = (
				en,
				Base,
			);
			mainGroup = 8E862CD62729455A0074F48C;
			packageReferences = (
				8E3E23DA272A856000993C6F /* XCRemoteSwiftPackageReference "IQKeyboardManager" */,
				8E2AC8F4272E80DA00726007 /* XCRemoteSwiftPackageReference "firebase-ios-sdk" */,
				8E2AC8FF272E818F00726007 /* XCRemoteSwiftPackageReference "JGProgressHUD" */,
				8E2AC902272E81C100726007 /* XCRemoteSwiftPackageReference "SDWebImage" */,
			);
			productRefGroup = 8E862CE02729455A0074F48C /* Products */;
			projectDirPath = "";
			projectRoot = "";
			targets = (
				8E862CDE2729455A0074F48C /* Messenger */,
				8E862CF4272945630074F48C /* MessengerTests */,
				8E862CFE272945630074F48C /* MessengerUITests */,
			);
		};
/* End PBXProject section */

/* Begin PBXResourcesBuildPhase section */
		8E862CDD2729455A0074F48C /* Resources */ = {
			isa = PBXResourcesBuildPhase;
			buildActionMask = 2147483647;
			files = (
				8E862CEF272945620074F48C /* LaunchScreen.storyboard in Resources */,
				8E2AC906272E854800726007 /* GoogleService-Info.plist in Resources */,
				8E862CEC272945620074F48C /* Assets.xcassets in Resources */,
				8E862CEA2729455A0074F48C /* Main.storyboard in Resources */,
			);
			runOnlyForDeploymentPostprocessing = 0;
		};
		8E862CF3272945630074F48C /* Resources */ = {
			isa = PBXResourcesBuildPhase;
			buildActionMask = 2147483647;
			files = (
			);
			runOnlyForDeploymentPostprocessing = 0;
		};
		8E862CFD272945630074F48C /* Resources */ = {
			isa = PBXResourcesBuildPhase;
			buildActionMask = 2147483647;
			files = (
			);
			runOnlyForDeploymentPostprocessing = 0;
		};
/* End PBXResourcesBuildPhase section */

/* Begin PBXSourcesBuildPhase section */
		8E862CDB2729455A0074F48C /* Sources */ = {
			isa = PBXSourcesBuildPhase;
			buildActionMask = 2147483647;
			files = (
				8E862D1F27296BEA0074F48C /* ConversationViewController.swift in Sources */,
				8E862D1D27296BBE0074F48C /* ProfileViewController.swift in Sources */,
				8E862CE72729455A0074F48C /* LoginViewController.swift in Sources */,
				8E862D1B27296B950074F48C /* NewConversationViewController.swift in Sources */,
				8E862CE32729455A0074F48C /* AppDelegate.swift in Sources */,
				8E862D192729693E0074F48C /* RegistrationViewController.swift in Sources */,
				8E862CE52729455A0074F48C /* SceneDelegate.swift in Sources */,
			);
			runOnlyForDeploymentPostprocessing = 0;
		};
		8E862CF1272945630074F48C /* Sources */ = {
			isa = PBXSourcesBuildPhase;
			buildActionMask = 2147483647;
			files = (
				8E862CFA272945630074F48C /* MessengerTests.swift in Sources */,
			);
			runOnlyForDeploymentPostprocessing = 0;
		};
		8E862CFB272945630074F48C /* Sources */ = {
			isa = PBXSourcesBuildPhase;
			buildActionMask = 2147483647;
			files = (
				8E862D06272945630074F48C /* MessengerUITestsLaunchTests.swift in Sources */,
				8E862D04272945630074F48C /* MessengerUITests.swift in Sources */,
			);
			runOnlyForDeploymentPostprocessing = 0;
		};
/* End PBXSourcesBuildPhase section */

/* Begin PBXTargetDependency section */
		8E862CF7272945630074F48C /* PBXTargetDependency */ = {
			isa = PBXTargetDependency;
			target = 8E862CDE2729455A0074F48C /* Messenger */;
			targetProxy = 8E862CF6272945630074F48C /* PBXContainerItemProxy */;
		};
		8E862D01272945630074F48C /* PBXTargetDependency */ = {
			isa = PBXTargetDependency;
			target = 8E862CDE2729455A0074F48C /* Messenger */;
			targetProxy = 8E862D00272945630074F48C /* PBXContainerItemProxy */;
		};
/* End PBXTargetDependency section */

/* Begin PBXVariantGroup section */
		8E862CE82729455A0074F48C /* Main.storyboard */ = {
			isa = PBXVariantGroup;
			children = (
				8E862CE92729455A0074F48C /* Base */,
			);
			name = Main.storyboard;
			sourceTree = "<group>";
		};
		8E862CED272945620074F48C /* LaunchScreen.storyboard */ = {
			isa = PBXVariantGroup;
			children = (
				8E862CEE272945620074F48C /* Base */,
			);
			name = LaunchScreen.storyboard;
			sourceTree = "<group>";
		};
/* End PBXVariantGroup section */

/* Begin XCBuildConfiguration section */
		8E862D07272945630074F48C /* Debug */ = {
			isa = XCBuildConfiguration;
			buildSettings = {
				ALWAYS_SEARCH_USER_PATHS = NO;
				CLANG_ANALYZER_NONNULL = YES;
				CLANG_ANALYZER_NUMBER_OBJECT_CONVERSION = YES_AGGRESSIVE;
				CLANG_CXX_LANGUAGE_STANDARD = "gnu++17";
				CLANG_CXX_LIBRARY = "libc++";
				CLANG_ENABLE_MODULES = YES;
				CLANG_ENABLE_OBJC_ARC = YES;
				CLANG_ENABLE_OBJC_WEAK = YES;
				CLANG_WARN_BLOCK_CAPTURE_AUTORELEASING = YES;
				CLANG_WARN_BOOL_CONVERSION = YES;
				CLANG_WARN_COMMA = YES;
				CLANG_WARN_CONSTANT_CONVERSION = YES;
				CLANG_WARN_DEPRECATED_OBJC_IMPLEMENTATIONS = YES;
				CLANG_WARN_DIRECT_OBJC_ISA_USAGE = YES_ERROR;
				CLANG_WARN_DOCUMENTATION_COMMENTS = YES;
				CLANG_WARN_EMPTY_BODY = YES;
				CLANG_WARN_ENUM_CONVERSION = YES;
				CLANG_WARN_INFINITE_RECURSION = YES;
				CLANG_WARN_INT_CONVERSION = YES;
				CLANG_WARN_NON_LITERAL_NULL_CONVERSION = YES;
				CLANG_WARN_OBJC_IMPLICIT_RETAIN_SELF = YES;
				CLANG_WARN_OBJC_LITERAL_CONVERSION = YES;
				CLANG_WARN_OBJC_ROOT_CLASS = YES_ERROR;
				CLANG_WARN_QUOTED_INCLUDE_IN_FRAMEWORK_HEADER = YES;
				CLANG_WARN_RANGE_LOOP_ANALYSIS = YES;
				CLANG_WARN_STRICT_PROTOTYPES = YES;
				CLANG_WARN_SUSPICIOUS_MOVE = YES;
				CLANG_WARN_UNGUARDED_AVAILABILITY = YES_AGGRESSIVE;
				CLANG_WARN_UNREACHABLE_CODE = YES;
				CLANG_WARN__DUPLICATE_METHOD_MATCH = YES;
				COPY_PHASE_STRIP = NO;
				DEBUG_INFORMATION_FORMAT = dwarf;
				ENABLE_STRICT_OBJC_MSGSEND = YES;
				ENABLE_TESTABILITY = YES;
				GCC_C_LANGUAGE_STANDARD = gnu11;
				GCC_DYNAMIC_NO_PIC = NO;
				GCC_NO_COMMON_BLOCKS = YES;
				GCC_OPTIMIZATION_LEVEL = 0;
				GCC_PREPROCESSOR_DEFINITIONS = (
					"DEBUG=1",
					"$(inherited)",
				);
				GCC_WARN_64_TO_32_BIT_CONVERSION = YES;
				GCC_WARN_ABOUT_RETURN_TYPE = YES_ERROR;
				GCC_WARN_UNDECLARED_SELECTOR = YES;
				GCC_WARN_UNINITIALIZED_AUTOS = YES_AGGRESSIVE;
				GCC_WARN_UNUSED_FUNCTION = YES;
				GCC_WARN_UNUSED_VARIABLE = YES;
				IPHONEOS_DEPLOYMENT_TARGET = 15.0;
				MTL_ENABLE_DEBUG_INFO = INCLUDE_SOURCE;
				MTL_FAST_MATH = YES;
				ONLY_ACTIVE_ARCH = YES;
				SDKROOT = iphoneos;
				SWIFT_ACTIVE_COMPILATION_CONDITIONS = DEBUG;
				SWIFT_OPTIMIZATION_LEVEL = "-Onone";
			};
			name = Debug;
		};
		8E862D08272945630074F48C /* Release */ = {
			isa = XCBuildConfiguration;
			buildSettings = {
				ALWAYS_SEARCH_USER_PATHS = NO;
				CLANG_ANALYZER_NONNULL = YES;
				CLANG_ANALYZER_NUMBER_OBJECT_CONVERSION = YES_AGGRESSIVE;
				CLANG_CXX_LANGUAGE_STANDARD = "gnu++17";
				CLANG_CXX_LIBRARY = "libc++";
				CLANG_ENABLE_MODULES = YES;
				CLANG_ENABLE_OBJC_ARC = YES;
				CLANG_ENABLE_OBJC_WEAK = YES;
				CLANG_WARN_BLOCK_CAPTURE_AUTORELEASING = YES;
				CLANG_WARN_BOOL_CONVERSION = YES;
				CLANG_WARN_COMMA = YES;
				CLANG_WARN_CONSTANT_CONVERSION = YES;
				CLANG_WARN_DEPRECATED_OBJC_IMPLEMENTATIONS = YES;
				CLANG_WARN_DIRECT_OBJC_ISA_USAGE = YES_ERROR;
				CLANG_WARN_DOCUMENTATION_COMMENTS = YES;
				CLANG_WARN_EMPTY_BODY = YES;
				CLANG_WARN_ENUM_CONVERSION = YES;
				CLANG_WARN_INFINITE_RECURSION = YES;
				CLANG_WARN_INT_CONVERSION = YES;
				CLANG_WARN_NON_LITERAL_NULL_CONVERSION = YES;
				CLANG_WARN_OBJC_IMPLICIT_RETAIN_SELF = YES;
				CLANG_WARN_OBJC_LITERAL_CONVERSION = YES;
				CLANG_WARN_OBJC_ROOT_CLASS = YES_ERROR;
				CLANG_WARN_QUOTED_INCLUDE_IN_FRAMEWORK_HEADER = YES;
				CLANG_WARN_RANGE_LOOP_ANALYSIS = YES;
				CLANG_WARN_STRICT_PROTOTYPES = YES;
				CLANG_WARN_SUSPICIOUS_MOVE = YES;
				CLANG_WARN_UNGUARDED_AVAILABILITY = YES_AGGRESSIVE;
				CLANG_WARN_UNREACHABLE_CODE = YES;
				CLANG_WARN__DUPLICATE_METHOD_MATCH = YES;
				COPY_PHASE_STRIP = NO;
				DEBUG_INFORMATION_FORMAT = "dwarf-with-dsym";
				ENABLE_NS_ASSERTIONS = NO;
				ENABLE_STRICT_OBJC_MSGSEND = YES;
				GCC_C_LANGUAGE_STANDARD = gnu11;
				GCC_NO_COMMON_BLOCKS = YES;
				GCC_WARN_64_TO_32_BIT_CONVERSION = YES;
				GCC_WARN_ABOUT_RETURN_TYPE = YES_ERROR;
				GCC_WARN_UNDECLARED_SELECTOR = YES;
				GCC_WARN_UNINITIALIZED_AUTOS = YES_AGGRESSIVE;
				GCC_WARN_UNUSED_FUNCTION = YES;
				GCC_WARN_UNUSED_VARIABLE = YES;
				IPHONEOS_DEPLOYMENT_TARGET = 15.0;
				MTL_ENABLE_DEBUG_INFO = NO;
				MTL_FAST_MATH = YES;
				SDKROOT = iphoneos;
				SWIFT_COMPILATION_MODE = wholemodule;
				SWIFT_OPTIMIZATION_LEVEL = "-O";
				VALIDATE_PRODUCT = YES;
			};
			name = Release;
		};
		8E862D0A272945630074F48C /* Debug */ = {
			isa = XCBuildConfiguration;
			buildSettings = {
				ASSETCATALOG_COMPILER_APPICON_NAME = AppIcon;
				ASSETCATALOG_COMPILER_GLOBAL_ACCENT_COLOR_NAME = AccentColor;
				CODE_SIGN_STYLE = Automatic;
				CURRENT_PROJECT_VERSION = 1;
				DEVELOPMENT_TEAM = 3P58GG46V4;
				GENERATE_INFOPLIST_FILE = YES;
				INFOPLIST_FILE = Messenger/Info.plist;
				INFOPLIST_KEY_UIApplicationSupportsIndirectInputEvents = YES;
				INFOPLIST_KEY_UILaunchStoryboardName = LaunchScreen;
				INFOPLIST_KEY_UIMainStoryboardFile = Main;
				INFOPLIST_KEY_UISupportedInterfaceOrientations_iPad = "UIInterfaceOrientationPortrait UIInterfaceOrientationPortraitUpsideDown UIInterfaceOrientationLandscapeLeft UIInterfaceOrientationLandscapeRight";
				INFOPLIST_KEY_UISupportedInterfaceOrientations_iPhone = "UIInterfaceOrientationPortrait UIInterfaceOrientationLandscapeLeft UIInterfaceOrientationLandscapeRight";
				LD_RUNPATH_SEARCH_PATHS = (
					"$(inherited)",
					"@executable_path/Frameworks",
				);
				MARKETING_VERSION = 1.0;
				PRODUCT_BUNDLE_IDENTIFIER = wasan.Messenger;
				PRODUCT_NAME = "$(TARGET_NAME)";
				SWIFT_EMIT_LOC_STRINGS = YES;
				SWIFT_VERSION = 5.0;
				TARGETED_DEVICE_FAMILY = "1,2";
			};
			name = Debug;
		};
		8E862D0B272945630074F48C /* Release */ = {
			isa = XCBuildConfiguration;
			buildSettings = {
				ASSETCATALOG_COMPILER_APPICON_NAME = AppIcon;
				ASSETCATALOG_COMPILER_GLOBAL_ACCENT_COLOR_NAME = AccentColor;
				CODE_SIGN_STYLE = Automatic;
				CURRENT_PROJECT_VERSION = 1;
				DEVELOPMENT_TEAM = 3P58GG46V4;
				GENERATE_INFOPLIST_FILE = YES;
				INFOPLIST_FILE = Messenger/Info.plist;
				INFOPLIST_KEY_UIApplicationSupportsIndirectInputEvents = YES;
				INFOPLIST_KEY_UILaunchStoryboardName = LaunchScreen;
				INFOPLIST_KEY_UIMainStoryboardFile = Main;
				INFOPLIST_KEY_UISupportedInterfaceOrientations_iPad = "UIInterfaceOrientationPortrait UIInterfaceOrientationPortraitUpsideDown UIInterfaceOrientationLandscapeLeft UIInterfaceOrientationLandscapeRight";
				INFOPLIST_KEY_UISupportedInterfaceOrientations_iPhone = "UIInterfaceOrientationPortrait UIInterfaceOrientationLandscapeLeft UIInterfaceOrientationLandscapeRight";
				LD_RUNPATH_SEARCH_PATHS = (
					"$(inherited)",
					"@executable_path/Frameworks",
				);
				MARKETING_VERSION = 1.0;
				PRODUCT_BUNDLE_IDENTIFIER = wasan.Messenger;
				PRODUCT_NAME = "$(TARGET_NAME)";
				SWIFT_EMIT_LOC_STRINGS = YES;
				SWIFT_VERSION = 5.0;
				TARGETED_DEVICE_FAMILY = "1,2";
			};
			name = Release;
		};
		8E862D0D272945630074F48C /* Debug */ = {
			isa = XCBuildConfiguration;
			buildSettings = {
				ALWAYS_EMBED_SWIFT_STANDARD_LIBRARIES = YES;
				BUNDLE_LOADER = "$(TEST_HOST)";
				CODE_SIGN_STYLE = Automatic;
				CURRENT_PROJECT_VERSION = 1;
				DEVELOPMENT_TEAM = 3P58GG46V4;
				GENERATE_INFOPLIST_FILE = YES;
				IPHONEOS_DEPLOYMENT_TARGET = 15.0;
				LD_RUNPATH_SEARCH_PATHS = (
					"$(inherited)",
					"@executable_path/Frameworks",
					"@loader_path/Frameworks",
				);
				MARKETING_VERSION = 1.0;
				PRODUCT_BUNDLE_IDENTIFIER = wasan.MessengerTests;
				PRODUCT_NAME = "$(TARGET_NAME)";
				SWIFT_EMIT_LOC_STRINGS = NO;
				SWIFT_VERSION = 5.0;
				TARGETED_DEVICE_FAMILY = "1,2";
				TEST_HOST = "$(BUILT_PRODUCTS_DIR)/Messenger.app/Messenger";
			};
			name = Debug;
		};
		8E862D0E272945630074F48C /* Release */ = {
			isa = XCBuildConfiguration;
			buildSettings = {
				ALWAYS_EMBED_SWIFT_STANDARD_LIBRARIES = YES;
				BUNDLE_LOADER = "$(TEST_HOST)";
				CODE_SIGN_STYLE = Automatic;
				CURRENT_PROJECT_VERSION = 1;
				DEVELOPMENT_TEAM = 3P58GG46V4;
				GENERATE_INFOPLIST_FILE = YES;
				IPHONEOS_DEPLOYMENT_TARGET = 15.0;
				LD_RUNPATH_SEARCH_PATHS = (
					"$(inherited)",
					"@executable_path/Frameworks",
					"@loader_path/Frameworks",
				);
				MARKETING_VERSION = 1.0;
				PRODUCT_BUNDLE_IDENTIFIER = wasan.MessengerTests;
				PRODUCT_NAME = "$(TARGET_NAME)";
				SWIFT_EMIT_LOC_STRINGS = NO;
				SWIFT_VERSION = 5.0;
				TARGETED_DEVICE_FAMILY = "1,2";
				TEST_HOST = "$(BUILT_PRODUCTS_DIR)/Messenger.app/Messenger";
			};
			name = Release;
		};
		8E862D10272945630074F48C /* Debug */ = {
			isa = XCBuildConfiguration;
			buildSettings = {
				ALWAYS_EMBED_SWIFT_STANDARD_LIBRARIES = YES;
				CODE_SIGN_STYLE = Automatic;
				CURRENT_PROJECT_VERSION = 1;
				DEVELOPMENT_TEAM = 3P58GG46V4;
				GENERATE_INFOPLIST_FILE = YES;
				LD_RUNPATH_SEARCH_PATHS = (
					"$(inherited)",
					"@executable_path/Frameworks",
					"@loader_path/Frameworks",
				);
				MARKETING_VERSION = 1.0;
				PRODUCT_BUNDLE_IDENTIFIER = wasan.MessengerUITests;
				PRODUCT_NAME = "$(TARGET_NAME)";
				SWIFT_EMIT_LOC_STRINGS = NO;
				SWIFT_VERSION = 5.0;
				TARGETED_DEVICE_FAMILY = "1,2";
				TEST_TARGET_NAME = Messenger;
			};
			name = Debug;
		};
		8E862D11272945630074F48C /* Release */ = {
			isa = XCBuildConfiguration;
			buildSettings = {
				ALWAYS_EMBED_SWIFT_STANDARD_LIBRARIES = YES;
				CODE_SIGN_STYLE = Automatic;
				CURRENT_PROJECT_VERSION = 1;
				DEVELOPMENT_TEAM = 3P58GG46V4;
				GENERATE_INFOPLIST_FILE = YES;
				LD_RUNPATH_SEARCH_PATHS = (
					"$(inherited)",
					"@executable_path/Frameworks",
					"@loader_path/Frameworks",
				);
				MARKETING_VERSION = 1.0;
				PRODUCT_BUNDLE_IDENTIFIER = wasan.MessengerUITests;
				PRODUCT_NAME = "$(TARGET_NAME)";
				SWIFT_EMIT_LOC_STRINGS = NO;
				SWIFT_VERSION = 5.0;
				TARGETED_DEVICE_FAMILY = "1,2";
				TEST_TARGET_NAME = Messenger;
			};
			name = Release;
		};
/* End XCBuildConfiguration section */

/* Begin XCConfigurationList section */
		8E862CDA2729455A0074F48C /* Build configuration list for PBXProject "Messenger" */ = {
			isa = XCConfigurationList;
			buildConfigurations = (
				8E862D07272945630074F48C /* Debug */,
				8E862D08272945630074F48C /* Release */,
			);
			defaultConfigurationIsVisible = 0;
			defaultConfigurationName = Release;
		};
		8E862D09272945630074F48C /* Build configuration list for PBXNativeTarget "Messenger" */ = {
			isa = XCConfigurationList;
			buildConfigurations = (
				8E862D0A272945630074F48C /* Debug */,
				8E862D0B272945630074F48C /* Release */,
			);
			defaultConfigurationIsVisible = 0;
			defaultConfigurationName = Release;
		};
		8E862D0C272945630074F48C /* Build configuration list for PBXNativeTarget "MessengerTests" */ = {
			isa = XCConfigurationList;
			buildConfigurations = (
				8E862D0D272945630074F48C /* Debug */,
				8E862D0E272945630074F48C /* Release */,
			);
			defaultConfigurationIsVisible = 0;
			defaultConfigurationName = Release;
		};
		8E862D0F272945630074F48C /* Build configuration list for PBXNativeTarget "MessengerUITests" */ = {
			isa = XCConfigurationList;
			buildConfigurations = (
				8E862D10272945630074F48C /* Debug */,
				8E862D11272945630074F48C /* Release */,
			);
			defaultConfigurationIsVisible = 0;
			defaultConfigurationName = Release;
		};
/* End XCConfigurationList section */

/* Begin XCRemoteSwiftPackageReference section */
		8E2AC8F4272E80DA00726007 /* XCRemoteSwiftPackageReference "firebase-ios-sdk" */ = {
			isa = XCRemoteSwiftPackageReference;
			repositoryURL = "https://github.com/firebase/firebase-ios-sdk.git";
			requirement = {
				kind = upToNextMajorVersion;
				minimumVersion = 8.0.0;
			};
		};
		8E2AC8FF272E818F00726007 /* XCRemoteSwiftPackageReference "JGProgressHUD" */ = {
			isa = XCRemoteSwiftPackageReference;
			repositoryURL = "https://github.com/JonasGessner/JGProgressHUD";
			requirement = {
				kind = upToNextMajorVersion;
				minimumVersion = 2.0.0;
			};
		};
		8E2AC902272E81C100726007 /* XCRemoteSwiftPackageReference "SDWebImage" */ = {
			isa = XCRemoteSwiftPackageReference;
			repositoryURL = "https://github.com/SDWebImage/SDWebImage";
			requirement = {
				kind = upToNextMajorVersion;
				minimumVersion = 5.0.0;
			};
		};
		8E3E23DA272A856000993C6F /* XCRemoteSwiftPackageReference "IQKeyboardManager" */ = {
			isa = XCRemoteSwiftPackageReference;
			repositoryURL = "https://github.com/hackiftekhar/IQKeyboardManager";
			requirement = {
				kind = upToNextMajorVersion;
				minimumVersion = 6.0.0;
			};
		};
/* End XCRemoteSwiftPackageReference section */

/* Begin XCSwiftPackageProductDependency section */
		8E2AC8F5272E80DA00726007 /* FirebaseAnalytics */ = {
			isa = XCSwiftPackageProductDependency;
			package = 8E2AC8F4272E80DA00726007 /* XCRemoteSwiftPackageReference "firebase-ios-sdk" */;
			productName = FirebaseAnalytics;
		};
		8E2AC8F7272E80DA00726007 /* FirebaseAuth */ = {
			isa = XCSwiftPackageProductDependency;
			package = 8E2AC8F4272E80DA00726007 /* XCRemoteSwiftPackageReference "firebase-ios-sdk" */;
			productName = FirebaseAuth;
		};
		8E2AC8F9272E80DA00726007 /* FirebaseDatabase */ = {
			isa = XCSwiftPackageProductDependency;
			package = 8E2AC8F4272E80DA00726007 /* XCRemoteSwiftPackageReference "firebase-ios-sdk" */;
			productName = FirebaseDatabase;
		};
		8E2AC8FB272E80DA00726007 /* FirebaseFirestore */ = {
			isa = XCSwiftPackageProductDependency;
			package = 8E2AC8F4272E80DA00726007 /* XCRemoteSwiftPackageReference "firebase-ios-sdk" */;
			productName = FirebaseFirestore;
		};
		8E2AC8FD272E80DA00726007 /* FirebaseStorage */ = {
			isa = XCSwiftPackageProductDependency;
			package = 8E2AC8F4272E80DA00726007 /* XCRemoteSwiftPackageReference "firebase-ios-sdk" */;
			productName = FirebaseStorage;
		};
		8E2AC900272E819000726007 /* JGProgressHUD */ = {
			isa = XCSwiftPackageProductDependency;
			package = 8E2AC8FF272E818F00726007 /* XCRemoteSwiftPackageReference "JGProgressHUD" */;
			productName = JGProgressHUD;
		};
		8E2AC903272E81C200726007 /* SDWebImage */ = {
			isa = XCSwiftPackageProductDependency;
			package = 8E2AC902272E81C100726007 /* XCRemoteSwiftPackageReference "SDWebImage" */;
			productName = SDWebImage;
		};
		8E3E23DB272A856000993C6F /* IQKeyboardManagerSwift */ = {
			isa = XCSwiftPackageProductDependency;
			package = 8E3E23DA272A856000993C6F /* XCRemoteSwiftPackageReference "IQKeyboardManager" */;
			productName = IQKeyboardManagerSwift;
		};
/* End XCSwiftPackageProductDependency section */
	};
	rootObject = 8E862CD72729455A0074F48C /* Project object */;
}
